
Microsoft Visual Studio Solution File, Format Version 12.00
# Visual Studio 15
VisualStudioVersion = 15.0.28307.421
MinimumVisualStudioVersion = 10.0.40219.1
Project("{8BC9CEB8-8B4A-11D0-8D11-00A0C91BC942}") = "Keylogger", "Keylogger\Keylogger.vcxproj", "{54D7C28D-1B61-4D62-BAA2-25DFBB174103}"
EndProject
Project("{8BC9CEB8-8B4A-11D0-8D11-00A0C91BC942}") = "CheckRunningProccess", "CheckRunningProccess\CheckRunningProccess.vcxproj", "{2C4B1A79-8C29-43B1-8007-FA4540BC6A41}"
EndProject
Global
	GlobalSection(Performance) = preSolution
		HasPerformanceSessions = true
	EndGlobalSection
	GlobalSection(SolutionConfigurationPlatforms) = preSolution
		Debug|x64 = Debug|x64
		Debug|x86 = Debug|x86
		Release|x64 = Release|x64
		Release|x86 = Release|x86
	EndGlobalSection
	GlobalSection(ProjectConfigurationPlatforms) = postSolution
		{54D7C28D-1B61-4D62-BAA2-25DFBB174103}.Debug|x64.ActiveCfg = Debug|x64
		{54D7C28D-1B61-4D62-BAA2-25DFBB174103}.Debug|x64.Build.0 = Debug|x64
		{54D7C28D-1B61-4D62-BAA2-25DFBB174103}.Debug|x86.ActiveCfg = Debug|Win32
		{54D7C28D-1B61-4D62-BAA2-25DFBB174103}.Debug|x86.Build.0 = Debug|Win32
		{54D7C28D-1B61-4D62-BAA2-25DFBB174103}.Release|x64.ActiveCfg = Release|x64
		{54D7C28D-1B61-4D62-BAA2-25DFBB174103}.Release|x64.Build.0 = Release|x64
		{54D7C28D-1B61-4D62-BAA2-25DFBB174103}.Release|x86.ActiveCfg = Release|Win32
		{54D7C28D-1B61-4D62-BAA2-25DFBB174103}.Release|x86.Build.0 = Release|Win32
		{2C4B1A79-8C29-43B1-8007-FA4540BC6A41}.Debug|x64.ActiveCfg = Debug|x64
		{2C4B1A79-8C29-43B1-8007-FA4540BC6A41}.Debug|x64.Build.0 = Debug|x64
		{2C4B1A79-8C29-43B1-8007-FA4540BC6A41}.Debug|x86.ActiveCfg = Debug|Win32
		{2C4B1A79-8C29-43B1-8007-FA4540BC6A41}.Debug|x86.Build.0 = Debug|Win32
		{2C4B1A79-8C29-43B1-8007-FA4540BC6A41}.Release|x64.ActiveCfg = Release|x64
		{2C4B1A79-8C29-43B1-8007-FA4540BC6A41}.Release|x64.Build.0 = Release|x64
		{2C4B1A79-8C29-43B1-8007-FA4540BC6A41}.Release|x86.ActiveCfg = Release|Win32
		{2C4B1A79-8C29-43B1-8007-FA4540BC6A41}.Release|x86.Build.0 = Release|Win32
	EndGlobalSection
	GlobalSection(SolutionProperties) = preSolution
		HideSolutionNode = FALSE
	EndGlobalSection
	GlobalSection(ExtensibilityGlobals) = postSolution
		SolutionGuid = {337FBE73-CE6B-43A1-8131-20600EF33A3E}
	EndGlobalSection
EndGlobal
